
Microsoft Visual Studio Solution File, Format Version 12.00
# Visual Studio Version 17
VisualStudioVersion = 17.11.35327.3
MinimumVisualStudioVersion = 10.0.40219.1
Project("{FAE04EC0-301F-11D3-BF4B-00C04F79EFBC}") = "sms_rate_limiter", "sms_rate_limiter\sms_rate_limiter.csproj", "{A535A427-8C6F-461D-862E-8C85EA0C4595}"
EndProject
Global
	GlobalSection(SolutionConfigurationPlatforms) = preSolution
		Debug|Any CPU = Debug|Any CPU
		Release|Any CPU = Release|Any CPU
	EndGlobalSection
	GlobalSection(ProjectConfigurationPlatforms) = postSolution
		{A535A427-8C6F-461D-862E-8C85EA0C4595}.Debug|Any CPU.ActiveCfg = Debug|Any CPU
		{A535A427-8C6F-461D-862E-8C85EA0C4595}.Debug|Any CPU.Build.0 = Debug|Any CPU
		{A535A427-8C6F-461D-862E-8C85EA0C4595}.Release|Any CPU.ActiveCfg = Release|Any CPU
		{A535A427-8C6F-461D-862E-8C85EA0C4595}.Release|Any CPU.Build.0 = Release|Any CPU
	EndGlobalSection
	GlobalSection(SolutionProperties) = preSolution
		HideSolutionNode = FALSE
	EndGlobalSection
	GlobalSection(ExtensibilityGlobals) = postSolution
		SolutionGuid = {F8180B30-61CB-4A4E-BCC4-F988B905A0DB}
	EndGlobalSection
EndGlobal
